
Microsoft Visual Studio Solution File, Format Version 12.00
# Visual Studio Version 17
VisualStudioVersion = 17.4.33213.308
MinimumVisualStudioVersion = 10.0.40219.1
Project("{FAE04EC0-301F-11D3-BF4B-00C04F79EFBC}") = "BloggieWeb", "BloggieWeb\BloggieWeb.csproj", "{BD4A72D2-DF88-42C3-BBDD-6FAC5EBCF641}"
EndProject
Global
	GlobalSection(SolutionConfigurationPlatforms) = preSolution
		Debug|Any CPU = Debug|Any CPU
		Release|Any CPU = Release|Any CPU
	EndGlobalSection
	GlobalSection(ProjectConfigurationPlatforms) = postSolution
		{BD4A72D2-DF88-42C3-BBDD-6FAC5EBCF641}.Debug|Any CPU.ActiveCfg = Debug|Any CPU
		{BD4A72D2-DF88-42C3-BBDD-6FAC5EBCF641}.Debug|Any CPU.Build.0 = Debug|Any CPU
		{BD4A72D2-DF88-42C3-BBDD-6FAC5EBCF641}.Release|Any CPU.ActiveCfg = Release|Any CPU
		{BD4A72D2-DF88-42C3-BBDD-6FAC5EBCF641}.Release|Any CPU.Build.0 = Release|Any CPU
	EndGlobalSection
	GlobalSection(SolutionProperties) = preSolution
		HideSolutionNode = FALSE
	EndGlobalSection
	GlobalSection(ExtensibilityGlobals) = postSolution
		SolutionGuid = {84A583BA-C67C-449F-93F7-3216D30EDF7C}
	EndGlobalSection
EndGlobal
